
Microsoft Visual Studio Solution File, Format Version 12.00
# Visual Studio Version 17
VisualStudioVersion = 17.7.34221.43
MinimumVisualStudioVersion = 10.0.40219.1
Project("{FAE04EC0-301F-11D3-BF4B-00C04F79EFBC}") = "conditionsIFELSE", "conditionsIFELSE\conditionsIFELSE.csproj", "{D2B3C764-7462-4D36-98C0-70131A3446B0}"
EndProject
Global
	GlobalSection(SolutionConfigurationPlatforms) = preSolution
		Debug|Any CPU = Debug|Any CPU
		Release|Any CPU = Release|Any CPU
	EndGlobalSection
	GlobalSection(ProjectConfigurationPlatforms) = postSolution
		{D2B3C764-7462-4D36-98C0-70131A3446B0}.Debug|Any CPU.ActiveCfg = Debug|Any CPU
		{D2B3C764-7462-4D36-98C0-70131A3446B0}.Debug|Any CPU.Build.0 = Debug|Any CPU
		{D2B3C764-7462-4D36-98C0-70131A3446B0}.Release|Any CPU.ActiveCfg = Release|Any CPU
		{D2B3C764-7462-4D36-98C0-70131A3446B0}.Release|Any CPU.Build.0 = Release|Any CPU
	EndGlobalSection
	GlobalSection(SolutionProperties) = preSolution
		HideSolutionNode = FALSE
	EndGlobalSection
	GlobalSection(ExtensibilityGlobals) = postSolution
		SolutionGuid = {12C6AD0B-8495-4E1B-A410-68F0653CA4AB}
	EndGlobalSection
EndGlobal
